
Microsoft Visual Studio Solution File, Format Version 12.00
# Visual Studio Version 16
VisualStudioVersion = 16.0.29806.167
MinimumVisualStudioVersion = 10.0.40219.1
Project("{8BC9CEB8-8B4A-11D0-8D11-00A0C91BC942}") = "Process Info", "Process Info\Process Info.vcxproj", "{93D3A791-F95B-431E-9C6E-296252B58FE3}"
EndProject
Global
	GlobalSection(SolutionConfigurationPlatforms) = preSolution
		Debug|x64 = Debug|x64
		Debug|x86 = Debug|x86
		Release|x64 = Release|x64
		Release|x86 = Release|x86
	EndGlobalSection
	GlobalSection(ProjectConfigurationPlatforms) = postSolution
		{93D3A791-F95B-431E-9C6E-296252B58FE3}.Debug|x64.ActiveCfg = Debug|x64
		{93D3A791-F95B-431E-9C6E-296252B58FE3}.Debug|x64.Build.0 = Debug|x64
		{93D3A791-F95B-431E-9C6E-296252B58FE3}.Debug|x86.ActiveCfg = Debug|Win32
		{93D3A791-F95B-431E-9C6E-296252B58FE3}.Debug|x86.Build.0 = Debug|Win32
		{93D3A791-F95B-431E-9C6E-296252B58FE3}.Release|x64.ActiveCfg = Release|x64
		{93D3A791-F95B-431E-9C6E-296252B58FE3}.Release|x64.Build.0 = Release|x64
		{93D3A791-F95B-431E-9C6E-296252B58FE3}.Release|x86.ActiveCfg = Release|Win32
		{93D3A791-F95B-431E-9C6E-296252B58FE3}.Release|x86.Build.0 = Release|Win32
	EndGlobalSection
	GlobalSection(SolutionProperties) = preSolution
		HideSolutionNode = FALSE
	EndGlobalSection
	GlobalSection(ExtensibilityGlobals) = postSolution
		SolutionGuid = {94CA935D-AE75-4735-B464-DBAAECA7E9BF}
	EndGlobalSection
EndGlobal
